
Microsoft Visual Studio Solution File, Format Version 12.00
# Visual Studio Version 16
VisualStudioVersion = 16.0.29324.140
MinimumVisualStudioVersion = 10.0.40219.1
Project("{9A19103F-16F7-4668-BE54-9A1E7A4F7556}") = "ClassicUO_netcore3", "ClassicUO_netcore3.csproj", "{D657739D-DB47-439B-AEE7-5CF301545DF8}"
EndProject
Global
	GlobalSection(SolutionConfigurationPlatforms) = preSolution
		Debug|Any CPU = Debug|Any CPU
		Release|Any CPU = Release|Any CPU
	EndGlobalSection
	GlobalSection(ProjectConfigurationPlatforms) = postSolution
		{D657739D-DB47-439B-AEE7-5CF301545DF8}.Debug|Any CPU.ActiveCfg = Debug|x64
		{D657739D-DB47-439B-AEE7-5CF301545DF8}.Release|Any CPU.ActiveCfg = Release|x64
	EndGlobalSection
	GlobalSection(SolutionProperties) = preSolution
		HideSolutionNode = FALSE
	EndGlobalSection
	GlobalSection(ExtensibilityGlobals) = postSolution
		SolutionGuid = {BCC0C919-F37F-4805-8CBA-F1B0A0E25EFE}
	EndGlobalSection
EndGlobal
